version = 1
revision = 2
requires-python = ">=3.12"

[[package]]
name = "anyio"
version = "4.9.0"
source = { registry = "https://pypi.org/simple" }
dependencies = [
    { name = "idna" },
    { name = "sniffio" },
    { name = "typing-extensions", marker = "python_full_version < '3.13'" },
]
sdist = { url = "https://files.pythonhosted.org/packages/95/7d/4c1bd541d4dffa1b52bd83fb8527089e097a106fc90b467a7313b105f840/anyio-4.9.0.tar.gz", hash = "sha256:673c0c244e15788651a4ff38710fea9675823028a6f08a5eda409e0c9840a028", size = 190949, upload-time = "2025-03-17T00:02:54.77Z" }
wheels = [
    { url = "https://files.pythonhosted.org/packages/a1/ee/48ca1a7c89ffec8b6a0c5d02b89c305671d5ffd8d3c94acf8b8c408575bb/anyio-4.9.0-py3-none-any.whl", hash = "sha256:9f76d541cad6e36af7beb62e978876f3b41e3e04f2c1fbf0884604c0a9c4d93c", size = 100916, upload-time = "2025-03-17T00:02:52.713Z" },
]

[[package]]
name = "certifi"
version = "2025.4.26"
source = { registry = "https://pypi.org/simple" }
sdist = { url = "https://files.pythonhosted.org/packages/e8/9e/c05b3920a3b7d20d3d3310465f50348e5b3694f4f88c6daf736eef3024c4/certifi-2025.4.26.tar.gz", hash = "sha256:0a816057ea3cdefcef70270d2c515e4506bbc954f417fa5ade2021213bb8f0c6", size = 160705, upload-time = "2025-04-26T02:12:29.51Z" }
wheels = [
    { url = "https://files.pythonhosted.org/packages/4a/7e/3db2bd1b1f9e95f7cddca6d6e75e2f2bd9f51b1246e546d88addca0106bd/certifi-2025.4.26-py3-none-any.whl", hash = "sha256:30350364dfe371162649852c63336a15c70c6510c2ad5015b21c2345311805f3", size = 159618, upload-time = "2025-04-26T02:12:27.662Z" },
]

[[package]]
name = "chaos"
version = "0.1.0"
source = { editable = "." }
dependencies = [
    { name = "httpx" },
    { name = "robyn" },
]

[package.dev-dependencies]
dev = [
    { name = "hatchling" },
    { name = "ty" },
]

[package.metadata]
requires-dist = [
    { name = "httpx", specifier = ">=0.28.1" },
    { name = "robyn", specifier = ">=0.66.2" },
]

[package.metadata.requires-dev]
dev = [
    { name = "hatchling", specifier = ">=1.27.0" },
    { name = "ty", specifier = ">=0.0.0a8" },
]

[[package]]
name = "dill"
version = "0.4.0"
source = { registry = "https://pypi.org/simple" }
sdist = { url = "https://files.pythonhosted.org/packages/12/80/630b4b88364e9a8c8c5797f4602d0f76ef820909ee32f0bacb9f90654042/dill-0.4.0.tar.gz", hash = "sha256:0633f1d2df477324f53a895b02c901fb961bdbf65a17122586ea7019292cbcf0", size = 186976, upload-time = "2025-04-16T00:41:48.867Z" }
wheels = [
    { url = "https://files.pythonhosted.org/packages/50/3d/9373ad9c56321fdab5b41197068e1d8c25883b3fea29dd361f9b55116869/dill-0.4.0-py3-none-any.whl", hash = "sha256:44f54bf6412c2c8464c14e8243eb163690a9800dbe2c367330883b19c7561049", size = 119668, upload-time = "2025-04-16T00:41:47.671Z" },
]

[[package]]
name = "h11"
version = "0.16.0"
source = { registry = "https://pypi.org/simple" }
sdist = { url = "https://files.pythonhosted.org/packages/01/ee/02a2c011bdab74c6fb3c75474d40b3052059d95df7e73351460c8588d963/h11-0.16.0.tar.gz", hash = "sha256:4e35b956cf45792e4caa5885e69fba00bdbc6ffafbfa020300e549b208ee5ff1", size = 101250, upload-time = "2025-04-24T03:35:25.427Z" }
wheels = [
    { url = "https://files.pythonhosted.org/packages/04/4b/29cac41a4d98d144bf5f6d33995617b185d14b22401f75ca86f384e87ff1/h11-0.16.0-py3-none-any.whl", hash = "sha256:63cf8bbe7522de3bf65932fda1d9c2772064ffb3dae62d55932da54b31cb6c86", size = 37515, upload-time = "2025-04-24T03:35:24.344Z" },
]

[[package]]
name = "hatchling"
version = "1.27.0"
source = { registry = "https://pypi.org/simple" }
dependencies = [
    { name = "packaging" },
    { name = "pathspec" },
    { name = "pluggy" },
    { name = "trove-classifiers" },
]
sdist = { url = "https://files.pythonhosted.org/packages/8f/8a/cc1debe3514da292094f1c3a700e4ca25442489731ef7c0814358816bb03/hatchling-1.27.0.tar.gz", hash = "sha256:971c296d9819abb3811112fc52c7a9751c8d381898f36533bb16f9791e941fd6", size = 54983, upload-time = "2024-12-15T17:08:11.894Z" }
wheels = [
    { url = "https://files.pythonhosted.org/packages/08/e7/ae38d7a6dfba0533684e0b2136817d667588ae3ec984c1a4e5df5eb88482/hatchling-1.27.0-py3-none-any.whl", hash = "sha256:d3a2f3567c4f926ea39849cdf924c7e99e6686c9c8e288ae1037c8fa2a5d937b", size = 75794, upload-time = "2024-12-15T17:08:10.364Z" },
]

[[package]]
name = "httpcore"
version = "1.0.9"
source = { registry = "https://pypi.org/simple" }
dependencies = [
    { name = "certifi" },
    { name = "h11" },
]
sdist = { url = "https://files.pythonhosted.org/packages/06/94/82699a10bca87a5556c9c59b5963f2d039dbd239f25bc2a63907a05a14cb/httpcore-1.0.9.tar.gz", hash = "sha256:6e34463af53fd2ab5d807f399a9b45ea31c3dfa2276f15a2c3f00afff6e176e8", size = 85484, upload-time = "2025-04-24T22:06:22.219Z" }
wheels = [
    { url = "https://files.pythonhosted.org/packages/7e/f5/f66802a942d491edb555dd61e3a9961140fd64c90bce1eafd741609d334d/httpcore-1.0.9-py3-none-any.whl", hash = "sha256:2d400746a40668fc9dec9810239072b40b4484b640a8c38fd654a024c7a1bf55", size = 78784, upload-time = "2025-04-24T22:06:20.566Z" },
]

[[package]]
name = "httpx"
version = "0.28.1"
source = { registry = "https://pypi.org/simple" }
dependencies = [
    { name = "anyio" },
    { name = "certifi" },
    { name = "httpcore" },
    { name = "idna" },
]
sdist = { url = "https://files.pythonhosted.org/packages/b1/df/48c586a5fe32a0f01324ee087459e112ebb7224f646c0b5023f5e79e9956/httpx-0.28.1.tar.gz", hash = "sha256:75e98c5f16b0f35b567856f597f06ff2270a374470a5c2392242528e3e3e42fc", size = 141406, upload-time = "2024-12-06T15:37:23.222Z" }
wheels = [
    { url = "https://files.pythonhosted.org/packages/2a/39/e50c7c3a983047577ee07d2a9e53faf5a69493943ec3f6a384bdc792deb2/httpx-0.28.1-py3-none-any.whl", hash = "sha256:d909fcccc110f8c7faf814ca82a9a4d816bc5a6dbfea25d6591d6985b8ba59ad", size = 73517, upload-time = "2024-12-06T15:37:21.509Z" },
]

[[package]]
name = "idna"
version = "3.10"
source = { registry = "https://pypi.org/simple" }
sdist = { url = "https://files.pythonhosted.org/packages/f1/70/7703c29685631f5a7590aa73f1f1d3fa9a380e654b86af429e0934a32f7d/idna-3.10.tar.gz", hash = "sha256:12f65c9b470abda6dc35cf8e63cc574b1c52b11df2c86030af0ac09b01b13ea9", size = 190490, upload-time = "2024-09-15T18:07:39.745Z" }
wheels = [
    { url = "https://files.pythonhosted.org/packages/76/c6/c88e154df9c4e1a2a66ccf0005a88dfb2650c1dffb6f5ce603dfbd452ce3/idna-3.10-py3-none-any.whl", hash = "sha256:946d195a0d259cbba61165e88e65941f16e9b36ea6ddb97f00452bae8b1287d3", size = 70442, upload-time = "2024-09-15T18:07:37.964Z" },
]

[[package]]
name = "inquirerpy"
version = "0.3.4"
source = { registry = "https://pypi.org/simple" }
dependencies = [
    { name = "pfzy" },
    { name = "prompt-toolkit" },
]
sdist = { url = "https://files.pythonhosted.org/packages/64/73/7570847b9da026e07053da3bbe2ac7ea6cde6bb2cbd3c7a5a950fa0ae40b/InquirerPy-0.3.4.tar.gz", hash = "sha256:89d2ada0111f337483cb41ae31073108b2ec1e618a49d7110b0d7ade89fc197e", size = 44431, upload-time = "2022-06-27T23:11:20.598Z" }
wheels = [
    { url = "https://files.pythonhosted.org/packages/ce/ff/3b59672c47c6284e8005b42e84ceba13864aa0f39f067c973d1af02f5d91/InquirerPy-0.3.4-py3-none-any.whl", hash = "sha256:c65fdfbac1fa00e3ee4fb10679f4d3ed7a012abf4833910e63c295827fe2a7d4", size = 67677, upload-time = "2022-06-27T23:11:17.723Z" },
]

[[package]]
name = "multiprocess"
version = "0.70.14"
source = { registry = "https://pypi.org/simple" }
dependencies = [
    { name = "dill" },
]
sdist = { url = "https://files.pythonhosted.org/packages/e3/ab/9aafc121c6a3d2470ccdf28f99897e88d324c948893b30e46cb359f595e3/multiprocess-0.70.14.tar.gz", hash = "sha256:3eddafc12f2260d27ae03fe6069b12570ab4764ab59a75e81624fac453fbf46a", size = 1498053, upload-time = "2022-10-24T02:29:44.912Z" }
wheels = [
    { url = "https://files.pythonhosted.org/packages/b8/0c/c26b346b41bb1f81ac921fa10074a9595c22e5f99cc89c0410fc4efd5df3/multiprocess-0.70.14-py310-none-any.whl", hash = "sha256:7dc1f2f6a1d34894c8a9a013fbc807971e336e7cc3f3ff233e61b9dc679b3b5c", size = 134316, upload-time = "2022-10-24T02:29:36.256Z" },
    { url = "https://files.pythonhosted.org/packages/f1/00/c1b90843cb80e6a1911f480e92a92b1258efcdd32ed4fe87449703416fc4/multiprocess-0.70.14-py37-none-any.whl", hash = "sha256:93a8208ca0926d05cdbb5b9250a604c401bed677579e96c14da3090beb798193", size = 115684, upload-time = "2022-10-24T02:29:38.553Z" },
    { url = "https://files.pythonhosted.org/packages/13/95/8b875a678c6f9db81809dd5d6032e9f8628426e37f6aa6b7d404ba582de1/multiprocess-0.70.14-py38-none-any.whl", hash = "sha256:6725bc79666bbd29a73ca148a0fb5f4ea22eed4a8f22fce58296492a02d18a7b", size = 132003, upload-time = "2022-10-24T02:29:40.306Z" },
    { url = "https://files.pythonhosted.org/packages/6a/f4/fbeb03ef7abdda54db4a6a75c971b88ab73d724ff09e3275cc1e99f1c946/multiprocess-0.70.14-py39-none-any.whl", hash = "sha256:63cee628b74a2c0631ef15da5534c8aedbc10c38910b9c8b18dcd327528d1ec7", size = 132855, upload-time = "2022-10-24T02:29:41.889Z" },
]

[[package]]
name = "orjson"
version = "3.9.15"
source = { registry = "https://pypi.org/simple" }
sdist = { url = "https://files.pythonhosted.org/packages/6d/22/9709a4cb8606c04a9d70e9372b8d404a6b4c46668986ec76a6ecf184be62/orjson-3.9.15.tar.gz", hash = "sha256:95cae920959d772f30ab36d3b25f83bb0f3be671e986c72ce22f8fa700dae061", size = 4854933, upload-time = "2024-02-23T17:37:48.236Z" }
wheels = [
    { url = "https://files.pythonhosted.org/packages/88/21/61d2c6654eb21aea26ebef5c52a07f05150a23adb9b262a8c47d14734294/orjson-3.9.15-cp312-cp312-macosx_10_15_x86_64.macosx_11_0_arm64.macosx_10_15_universal2.whl", hash = "sha256:82425dd5c7bd3adfe4e94c78e27e2fa02971750c2b7ffba648b0f5d5cc016a73", size = 248747, upload-time = "2024-02-23T17:28:48.685Z" },
    { url = "https://files.pythonhosted.org/packages/80/dc/d8fc078d73ff620de84b6dc93e099e243ac9b0f187aaf412b3215b1ee092/orjson-3.9.15-cp312-cp312-manylinux_2_17_aarch64.manylinux2014_aarch64.whl", hash = "sha256:2c51378d4a8255b2e7c1e5cc430644f0939539deddfa77f6fac7b56a9784160a", size = 144396, upload-time = "2024-02-23T17:37:05.809Z" },
    { url = "https://files.pythonhosted.org/packages/c9/0d/1c7f78ec17ac24dbaf5566f6b87d38d4e72a72d3922bd41aab3baa7c024b/orjson-3.9.15-cp312-cp312-manylinux_2_17_armv7l.manylinux2014_armv7l.whl", hash = "sha256:6ae4e06be04dc00618247c4ae3f7c3e561d5bc19ab6941427f6d3722a0875ef7", size = 132395, upload-time = "2024-02-23T17:37:08.154Z" },
    { url = "https://files.pythonhosted.org/packages/bc/7b/134695e9004cb2273327217008884f439f9dc89e09f4f4c278ca20466740/orjson-3.9.15-cp312-cp312-manylinux_2_17_ppc64le.manylinux2014_ppc64le.whl", hash = "sha256:bcef128f970bb63ecf9a65f7beafd9b55e3aaf0efc271a4154050fc15cdb386e", size = 160696, upload-time = "2024-02-23T17:37:09.78Z" },
    { url = "https://files.pythonhosted.org/packages/6b/5b/06b55590e75849049e8ffb811548693db4ecb1403129694c048d383f207c/orjson-3.9.15-cp312-cp312-manylinux_2_17_s390x.manylinux2014_s390x.whl", hash = "sha256:b72758f3ffc36ca566ba98a8e7f4f373b6c17c646ff8ad9b21ad10c29186f00d", size = 155145, upload-time = "2024-02-23T17:37:12.045Z" },
    { url = "https://files.pythonhosted.org/packages/6a/3a/225b65664b7de15cf706eda6ab65cb23e8f59c274d4457c4eeaa2d510980/orjson-3.9.15-cp312-cp312-manylinux_2_17_x86_64.manylinux2014_x86_64.whl", hash = "sha256:10c57bc7b946cf2efa67ac55766e41764b66d40cbd9489041e637c1304400494", size = 138729, upload-time = "2024-02-23T17:37:14.281Z" },
    { url = "https://files.pythonhosted.org/packages/2f/f6/7b0dab06f5707e1edf2d5e0bb66f0054de16c55c35272385d4177a77d7ea/orjson-3.9.15-cp312-cp312-musllinux_1_2_aarch64.whl", hash = "sha256:946c3a1ef25338e78107fba746f299f926db408d34553b4754e90a7de1d44068", size = 316910, upload-time = "2024-02-23T17:37:16.984Z" },
    { url = "https://files.pythonhosted.org/packages/ea/05/524b2ef2614c40cb85d9cb742cb02fa5749c1e40c601b6e853602e982c70/orjson-3.9.15-cp312-cp312-musllinux_1_2_x86_64.whl", hash = "sha256:2f256d03957075fcb5923410058982aea85455d035607486ccb847f095442bda", size = 311056, upload-time = "2024-02-23T17:37:18.562Z" },
    { url = "https://files.pythonhosted.org/packages/f8/c5/56e9a842afd65f76babe87b574c1597a090f0a4c860ec6d723527823b669/orjson-3.9.15-cp312-none-win_amd64.whl", hash = "sha256:5bb399e1b49db120653a31463b4a7b27cf2fbfe60469546baf681d1b39f4edf2", size = 136147, upload-time = "2024-02-23T17:27:30.805Z" },
]

[[package]]
name = "packaging"
version = "25.0"
source = { registry = "https://pypi.org/simple" }
sdist = { url = "https://files.pythonhosted.org/packages/a1/d4/1fc4078c65507b51b96ca8f8c3ba19e6a61c8253c72794544580a7b6c24d/packaging-25.0.tar.gz", hash = "sha256:d443872c98d677bf60f6a1f2f8c1cb748e8fe762d2bf9d3148b5599295b0fc4f", size = 165727, upload-time = "2025-04-19T11:48:59.673Z" }
wheels = [
    { url = "https://files.pythonhosted.org/packages/20/12/38679034af332785aac8774540895e234f4d07f7545804097de4b666afd8/packaging-25.0-py3-none-any.whl", hash = "sha256:29572ef2b1f17581046b3a2227d5c611fb25ec70ca1ba8554b24b0e69331a484", size = 66469, upload-time = "2025-04-19T11:48:57.875Z" },
]

[[package]]
name = "pathspec"
version = "0.12.1"
source = { registry = "https://pypi.org/simple" }
sdist = { url = "https://files.pythonhosted.org/packages/ca/bc/f35b8446f4531a7cb215605d100cd88b7ac6f44ab3fc94870c120ab3adbf/pathspec-0.12.1.tar.gz", hash = "sha256:a482d51503a1ab33b1c67a6c3813a26953dbdc71c31dacaef9a838c4e29f5712", size = 51043, upload-time = "2023-12-10T22:30:45Z" }
wheels = [
    { url = "https://files.pythonhosted.org/packages/cc/20/ff623b09d963f88bfde16306a54e12ee5ea43e9b597108672ff3a408aad6/pathspec-0.12.1-py3-none-any.whl", hash = "sha256:a0d503e138a4c123b27490a4f7beda6a01c6f288df0e4a8b79c7eb0dc7b4cc08", size = 31191, upload-time = "2023-12-10T22:30:43.14Z" },
]

[[package]]
name = "pfzy"
version = "0.3.4"
source = { registry = "https://pypi.org/simple" }
sdist = { url = "https://files.pythonhosted.org/packages/d9/5a/32b50c077c86bfccc7bed4881c5a2b823518f5450a30e639db5d3711952e/pfzy-0.3.4.tar.gz", hash = "sha256:717ea765dd10b63618e7298b2d98efd819e0b30cd5905c9707223dceeb94b3f1", size = 8396, upload-time = "2022-01-28T02:26:17.946Z" }
wheels = [
    { url = "https://files.pythonhosted.org/packages/8c/d7/8ff98376b1acc4503253b685ea09981697385ce344d4e3935c2af49e044d/pfzy-0.3.4-py3-none-any.whl", hash = "sha256:5f50d5b2b3207fa72e7ec0ef08372ef652685470974a107d0d4999fc5a903a96", size = 8537, upload-time = "2022-01-28T02:26:16.047Z" },
]

[[package]]
name = "pluggy"
version = "1.5.0"
source = { registry = "https://pypi.org/simple" }
sdist = { url = "https://files.pythonhosted.org/packages/96/2d/02d4312c973c6050a18b314a5ad0b3210edb65a906f868e31c111dede4a6/pluggy-1.5.0.tar.gz", hash = "sha256:2cffa88e94fdc978c4c574f15f9e59b7f4201d439195c3715ca9e2486f1d0cf1", size = 67955, upload-time = "2024-04-20T21:34:42.531Z" }
wheels = [
    { url = "https://files.pythonhosted.org/packages/88/5f/e351af9a41f866ac3f1fac4ca0613908d9a41741cfcf2228f4ad853b697d/pluggy-1.5.0-py3-none-any.whl", hash = "sha256:44e1ad92c8ca002de6377e165f3e0f1be63266ab4d554740532335b9d75ea669", size = 20556, upload-time = "2024-04-20T21:34:40.434Z" },
]

[[package]]
name = "prompt-toolkit"
version = "3.0.51"
source = { registry = "https://pypi.org/simple" }
dependencies = [
    { name = "wcwidth" },
]
sdist = { url = "https://files.pythonhosted.org/packages/bb/6e/9d084c929dfe9e3bfe0c6a47e31f78a25c54627d64a66e884a8bf5474f1c/prompt_toolkit-3.0.51.tar.gz", hash = "sha256:931a162e3b27fc90c86f1b48bb1fb2c528c2761475e57c9c06de13311c7b54ed", size = 428940, upload-time = "2025-04-15T09:18:47.731Z" }
wheels = [
    { url = "https://files.pythonhosted.org/packages/ce/4f/5249960887b1fbe561d9ff265496d170b55a735b76724f10ef19f9e40716/prompt_toolkit-3.0.51-py3-none-any.whl", hash = "sha256:52742911fde84e2d423e2f9a4cf1de7d7ac4e51958f648d9540e0fb8db077b07", size = 387810, upload-time = "2025-04-15T09:18:44.753Z" },
]

[[package]]
name = "robyn"
version = "0.66.2"
source = { registry = "https://pypi.org/simple" }
dependencies = [
    { name = "inquirerpy" },
    { name = "multiprocess" },
    { name = "orjson" },
    { name = "rustimport" },
    { name = "uvloop", marker = "platform_machine != 'armv7l' and platform_python_implementation == 'CPython' and sys_platform != 'win32'" },
    { name = "watchdog" },
]
sdist = { url = "https://files.pythonhosted.org/packages/9e/1b/8543d31d2081e6a371de616cf7eeb5e6e85f92280f426bead0f214377588/robyn-0.66.2.tar.gz", hash = "sha256:ae1f8a6a40a01a49dd5e56a94d2d965835e5bf7aec00e5fca38830f6ff510a67", size = 4380550, upload-time = "2025-04-27T13:28:38.928Z" }
wheels = [
    { url = "https://files.pythonhosted.org/packages/ad/d2/b71c941dbfe28f0e72efc0a89c1b22cd9e2e1339cd7c244069732bd8eafd/robyn-0.66.2-cp312-cp312-macosx_10_7_x86_64.whl", hash = "sha256:c7de89d655c1e10d1b40b28c4d9bde6e19e05c96f1b77ab606b9f653e7febde0", size = 1643193, upload-time = "2025-04-27T13:28:09.54Z" },
    { url = "https://files.pythonhosted.org/packages/a1/7c/0ec0b771ec9fbce036cc97fb906b5548cc08fdc7b81bee3e81b5cf9116f9/robyn-0.66.2-cp312-cp312-macosx_10_9_x86_64.macosx_11_0_arm64.macosx_10_9_universal2.whl", hash = "sha256:07da0e04e895760fd5ebde3383c0f5f88d3038b85bbd34a7250bc55418ca3865", size = 3109139, upload-time = "2025-04-27T13:28:11.504Z" },
    { url = "https://files.pythonhosted.org/packages/8d/ae/20ed3f8396ebe8edcf70ac0dfb4acc0b657cf31784d0f1b7b55dcd1d6a75/robyn-0.66.2-cp312-cp312-manylinux_2_17_aarch64.manylinux2014_aarch64.whl", hash = "sha256:9607f1e122daf906f137eee53927e5446b09dd77bff7a34272007d09db674734", size = 1657840, upload-time = "2025-04-27T13:28:13.331Z" },
    { url = "https://files.pythonhosted.org/packages/19/11/38a7d23b43dbb4009b77fdfbf00bb351266c346d979ecc519da04a68f114/robyn-0.66.2-cp312-cp312-manylinux_2_17_armv7l.manylinux2014_armv7l.whl", hash = "sha256:bc40961b0c4b94b7c42be98aabe8513a0434e40e9243ec83bd7ee798399640e6", size = 1696953, upload-time = "2025-04-27T13:28:14.851Z" },
    { url = "https://files.pythonhosted.org/packages/2e/31/94b98c95ea88524ea4691d59f15e5b46c5710aaf7fe15c63e8e3d20e1a04/robyn-0.66.2-cp312-cp312-manylinux_2_17_i686.manylinux2014_i686.whl", hash = "sha256:114282ed0e8a441c58e21c4ef6e8e1c8eefcd2ab377c3d09650046b1db45a97c", size = 1809206, upload-time = "2025-04-27T13:28:16.334Z" },
    { url = "https://files.pythonhosted.org/packages/3c/d7/2ae490dd79f6b0af5a1fc98214c42e92b3110f3d8764922fca1a0cb5b903/robyn-0.66.2-cp312-cp312-manylinux_2_17_x86_64.manylinux2014_x86_64.whl", hash = "sha256:7790015fd4cb7ed6ddd8a1cb7ca76dc1a57ca84cd11ca748d7de9b7d09981137", size = 1791496, upload-time = "2025-04-27T13:28:17.705Z" },
    { url = "https://files.pythonhosted.org/packages/e9/30/70cbb54a195658c035ba0914e6b634d049b2c85c9b2b7b533cac4fbda33e/robyn-0.66.2-cp312-none-win32.whl", hash = "sha256:7d689abdabd4fb59f99cc9287d2c530d0f75041d8ac399e1892052a34ac8d2f5", size = 1602473, upload-time = "2025-04-27T13:28:19.203Z" },
    { url = "https://files.pythonhosted.org/packages/37/2e/3fa9671411b883a8f5ca7179bab0ad13f5b02b870b9e03cceae52ae6e8ee/robyn-0.66.2-cp312-none-win_amd64.whl", hash = "sha256:f4cc4a9316113495379bdf1e2e3ca5abbccde1075db3292f2a4e25708c0f8ebb", size = 1664550, upload-time = "2025-04-27T13:28:20.666Z" },
]

[[package]]
name = "rustimport"
version = "1.3.4"
source = { registry = "https://pypi.org/simple" }
dependencies = [
    { name = "toml" },
]
sdist = { url = "https://files.pythonhosted.org/packages/95/83/090f4be41dfbfd120a5fe0ed82b1857083bafe0928e876480d72a63e8bf3/rustimport-1.3.4.tar.gz", hash = "sha256:ba80e3c28af07ba3910ad395613d01f9e421bfb59fbb1ac050e2b5d9b78b4980", size = 28817, upload-time = "2023-07-13T14:52:23.479Z" }
wheels = [
    { url = "https://files.pythonhosted.org/packages/5d/e6/376cc02c6ec2dd29de14225bd322ea742b0b864c05c62abe40208ce64ebd/rustimport-1.3.4-py3-none-any.whl", hash = "sha256:f2b931ff4e0fa931028066a7dacaae449b1a4601fe7a553c35f3dd63aba97ce0", size = 26341, upload-time = "2023-07-13T14:52:21.789Z" },
]

[[package]]
name = "sniffio"
version = "1.3.1"
source = { registry = "https://pypi.org/simple" }
sdist = { url = "https://files.pythonhosted.org/packages/a2/87/a6771e1546d97e7e041b6ae58d80074f81b7d5121207425c964ddf5cfdbd/sniffio-1.3.1.tar.gz", hash = "sha256:f4324edc670a0f49750a81b895f35c3adb843cca46f0530f79fc1babb23789dc", size = 20372, upload-time = "2024-02-25T23:20:04.057Z" }
wheels = [
    { url = "https://files.pythonhosted.org/packages/e9/44/75a9c9421471a6c4805dbf2356f7c181a29c1879239abab1ea2cc8f38b40/sniffio-1.3.1-py3-none-any.whl", hash = "sha256:2f6da418d1f1e0fddd844478f41680e794e6051915791a034ff65e5f100525a2", size = 10235, upload-time = "2024-02-25T23:20:01.196Z" },
]

[[package]]
name = "toml"
version = "0.10.2"
source = { registry = "https://pypi.org/simple" }
sdist = { url = "https://files.pythonhosted.org/packages/be/ba/1f744cdc819428fc6b5084ec34d9b30660f6f9daaf70eead706e3203ec3c/toml-0.10.2.tar.gz", hash = "sha256:b3bda1d108d5dd99f4a20d24d9c348e91c4db7ab1b749200bded2f839ccbe68f", size = 22253, upload-time = "2020-11-01T01:40:22.204Z" }
wheels = [
    { url = "https://files.pythonhosted.org/packages/44/6f/7120676b6d73228c96e17f1f794d8ab046fc910d781c8d151120c3f1569e/toml-0.10.2-py2.py3-none-any.whl", hash = "sha256:806143ae5bfb6a3c6e736a764057db0e6a0e05e338b5630894a5f779cabb4f9b", size = 16588, upload-time = "2020-11-01T01:40:20.672Z" },
]

[[package]]
name = "trove-classifiers"
version = "2025.5.9.12"
source = { registry = "https://pypi.org/simple" }
sdist = { url = "https://files.pythonhosted.org/packages/38/04/1cd43f72c241fedcf0d9a18d0783953ee301eac9e5d9db1df0f0f089d9af/trove_classifiers-2025.5.9.12.tar.gz", hash = "sha256:7ca7c8a7a76e2cd314468c677c69d12cc2357711fcab4a60f87994c1589e5cb5", size = 16940, upload-time = "2025-05-09T12:04:48.829Z" }
wheels = [
    { url = "https://files.pythonhosted.org/packages/92/ef/c6deb083748be3bcad6f471b6ae983950c161890bf5ae1b2af80cc56c530/trove_classifiers-2025.5.9.12-py3-none-any.whl", hash = "sha256:e381c05537adac78881c8fa345fd0e9970159f4e4a04fcc42cfd3129cca640ce", size = 14119, upload-time = "2025-05-09T12:04:46.38Z" },
]

[[package]]
name = "ty"
version = "0.0.0a8"
source = { registry = "https://pypi.org/simple" }
sdist = { url = "https://files.pythonhosted.org/packages/7b/aa/0700b67af527edfe6d35d5bd82e6019c65363390bea9f8e4995c78e480d8/ty-0.0.0a8.tar.gz", hash = "sha256:f00c19020d8c7d5806d54564d4a1fe7e5c6efd5743cefddf619575451491496e", size = 2843192, upload-time = "2025-05-09T18:34:34.46Z" }
wheels = [
    { url = "https://files.pythonhosted.org/packages/cc/43/8af99166cfbe993fdcf3bb42d2583876a0ec7bf9c1aac6b9bfb517f8711d/ty-0.0.0a8-py3-none-linux_armv6l.whl", hash = "sha256:b1a86035380fd85ad7428dd8a1001d03b5bc31ef8453ef75c712b12511f4edaa", size = 6182530, upload-time = "2025-05-09T18:33:39.467Z" },
    { url = "https://files.pythonhosted.org/packages/f6/e5/0e165822733a5dccc74abc840ac546568fcd0253fb9ef0e52e9d243a9703/ty-0.0.0a8-py3-none-macosx_10_12_x86_64.whl", hash = "sha256:0b7522562908da2a2189441cc787646479aceb95ab6296bc805e2d89ef867b43", size = 6279778, upload-time = "2025-05-09T18:33:42.816Z" },
    { url = "https://files.pythonhosted.org/packages/01/b0/740cae6ad23db80f70abccd0fe675eb4c836affd5e772cc9a5336f473ab4/ty-0.0.0a8-py3-none-macosx_11_0_arm64.whl", hash = "sha256:b2725a5bc8924578a9687bebbb840187f9ae2a2ae5583129aac4e037934b2eea", size = 5942076, upload-time = "2025-05-09T18:33:47.581Z" },
    { url = "https://files.pythonhosted.org/packages/54/29/34ae8567ba4e2acea27fddea3261b2d7d74140a47c950a1ed47844658d9c/ty-0.0.0a8-py3-none-manylinux_2_17_aarch64.manylinux2014_aarch64.whl", hash = "sha256:98174efc5cd8991b64b141eb0531f055460f7f2f37b24c11d84c37b79c5942a6", size = 6068046, upload-time = "2025-05-09T18:33:50.33Z" },
    { url = "https://files.pythonhosted.org/packages/cb/b0/9649d3bc9a6be61eddb28d2d4cee7bc395a29b6c5adc7b78a34ea6b99a84/ty-0.0.0a8-py3-none-manylinux_2_17_armv7l.manylinux2014_armv7l.whl", hash = "sha256:55d69343312b615631152a1a5748bb6b42799f09f1732720e080220ea54ef1f5", size = 6042137, upload-time = "2025-05-09T18:33:53.653Z" },
    { url = "https://files.pythonhosted.org/packages/06/b3/a12be911a3f027dd67cc6a4d23b4db95be1d14a17cda53a44e15d992bf18/ty-0.0.0a8-py3-none-manylinux_2_17_i686.manylinux2014_i686.whl", hash = "sha256:8f9bc829ef45ea3ce0427f58fcab7a7c9d00b3f9696066a0f3002db43d7a4e52", size = 6744589, upload-time = "2025-05-09T18:33:57.644Z" },
    { url = "https://files.pythonhosted.org/packages/64/ea/388681a052fe27a4f923037e27a2c0c84431fdb90f7fb412389dbf7bf7f6/ty-0.0.0a8-py3-none-manylinux_2_17_ppc64.manylinux2014_ppc64.whl", hash = "sha256:0635e72feb984944d7477035b78dcf38618a9f9f01bd5c45204c9d92eef6e1b8", size = 7169411, upload-time = "2025-05-09T18:34:00.828Z" },
    { url = "https://files.pythonhosted.org/packages/36/cf/6ab82918008db4be191df6efd585b329a5a7b814e5a4e29adf4f4cfa07e6/ty-0.0.0a8-py3-none-manylinux_2_17_ppc64le.manylinux2014_ppc64le.whl", hash = "sha256:1eba8ea7e2d820d304883b6608e464700c5ae3b4fee391800f286e062f8212d4", size = 6811515, upload-time = "2025-05-09T18:34:05.155Z" },
    { url = "https://files.pythonhosted.org/packages/44/79/c2f780e26d00906ec0f9561ec421d99cc60ac54be9eef6c21ec2c90c68cf/ty-0.0.0a8-py3-none-manylinux_2_17_s390x.manylinux2014_s390x.whl", hash = "sha256:ea51192cef819b7f9fc84586bccdccbcde5221a2041e736db7cf3bf3611e3336", size = 7615265, upload-time = "2025-05-09T18:34:07.999Z" },
    { url = "https://files.pythonhosted.org/packages/c1/f8/17e52152c384a1804466b989b97dc15e392885b97b6051bec86bcb9d8311/ty-0.0.0a8-py3-none-manylinux_2_17_x86_64.manylinux2014_x86_64.whl", hash = "sha256:3aeedb99ede34bc16081d5540b5e08e96a52fb6bfc2b1e3ce57908ea1013e5ea", size = 6551290, upload-time = "2025-05-09T18:34:10.981Z" },
    { url = "https://files.pythonhosted.org/packages/c8/ce/143a14814e12d94377059707b1a7026fe96ee1bdd3c7397f49e29ac8b2ab/ty-0.0.0a8-py3-none-musllinux_1_2_aarch64.whl", hash = "sha256:33851d860d9044249f81aec19ac02e7b0bff13f94d713482328927142f20fbaf", size = 5987829, upload-time = "2025-05-09T18:34:13.542Z" },
    { url = "https://files.pythonhosted.org/packages/55/36/e4fab57a67fba2cc666be03be692b8f90ab2adc7d398eea951e60d9c1d18/ty-0.0.0a8-py3-none-musllinux_1_2_armv7l.whl", hash = "sha256:aa7140d67b6a4b2a1cbe2c7536d3af1be16d095cc36da87cdd1986084a80eab9", size = 6069987, upload-time = "2025-05-09T18:34:16.517Z" },
    { url = "https://files.pythonhosted.org/packages/72/61/1c6acfefb880781c78312fdd77911340aad170e55446482afcf1012ad258/ty-0.0.0a8-py3-none-musllinux_1_2_i686.whl", hash = "sha256:35c5422739cb04198163539b0d7e0cd867b5c19a083499d92b79b0565da1b014", size = 6458886, upload-time = "2025-05-09T18:34:19.446Z" },
    { url = "https://files.pythonhosted.org/packages/0d/c7/76ee868b54e8d34db6ad28af155a9bb3af6a37edf67132b8550d2bf92892/ty-0.0.0a8-py3-none-musllinux_1_2_x86_64.whl", hash = "sha256:ec7ce7d8e5b274b7496ffe04ac63db7455d6e7afd1a037d584ea98b4fd61c095", size = 6609876, upload-time = "2025-05-09T18:34:22.748Z" },
    { url = "https://files.pythonhosted.org/packages/b3/70/deb7acea25321bef0c789626515835bda2110e68cff3b999771850ac6596/ty-0.0.0a8-py3-none-win32.whl", hash = "sha256:1d537231769bb0ae6c678a696ed0cf93a56cf998ce27a3ffc1cf36b5f02b629b", size = 5882195, upload-time = "2025-05-09T18:34:25.17Z" },
    { url = "https://files.pythonhosted.org/packages/ad/be/6ce577f3063e9bbba8df14b23fb0348d6a56df3af2c2307f7adda9f46405/ty-0.0.0a8-py3-none-win_amd64.whl", hash = "sha256:5f2f4d836c569ed7d50fef5eaf342fd869868341ae6181a31ac7a474e00cdc75", size = 6353690, upload-time = "2025-05-09T18:34:27.847Z" },
    { url = "https://files.pythonhosted.org/packages/dc/4d/6da3b067af63fabf612025c32df639b8e146298600b58cf7c015faab503f/ty-0.0.0a8-py3-none-win_arm64.whl", hash = "sha256:9420018ea3dae0138d6d5c6a508bc7051a2ec7d3ced69bc2ec6517096bb88e29", size = 6016368, upload-time = "2025-05-09T18:34:31.6Z" },
]

[[package]]
name = "typing-extensions"
version = "4.13.2"
source = { registry = "https://pypi.org/simple" }
sdist = { url = "https://files.pythonhosted.org/packages/f6/37/23083fcd6e35492953e8d2aaaa68b860eb422b34627b13f2ce3eb6106061/typing_extensions-4.13.2.tar.gz", hash = "sha256:e6c81219bd689f51865d9e372991c540bda33a0379d5573cddb9a3a23f7caaef", size = 106967, upload-time = "2025-04-10T14:19:05.416Z" }
wheels = [
    { url = "https://files.pythonhosted.org/packages/8b/54/b1ae86c0973cc6f0210b53d508ca3641fb6d0c56823f288d108bc7ab3cc8/typing_extensions-4.13.2-py3-none-any.whl", hash = "sha256:a439e7c04b49fec3e5d3e2beaa21755cadbbdc391694e28ccdd36ca4a1408f8c", size = 45806, upload-time = "2025-04-10T14:19:03.967Z" },
]

[[package]]
name = "uvloop"
version = "0.19.0"
source = { registry = "https://pypi.org/simple" }
sdist = { url = "https://files.pythonhosted.org/packages/9c/16/728cc5dde368e6eddb299c5aec4d10eaf25335a5af04e8c0abd68e2e9d32/uvloop-0.19.0.tar.gz", hash = "sha256:0246f4fd1bf2bf702e06b0d45ee91677ee5c31242f39aab4ea6fe0c51aedd0fd", size = 2318492, upload-time = "2023-10-22T22:03:57.665Z" }
wheels = [
    { url = "https://files.pythonhosted.org/packages/85/57/6736733bb0e86a4b5380d04082463b289c0baecaa205934ba81e8a1d5ea4/uvloop-0.19.0-cp312-cp312-macosx_10_9_universal2.whl", hash = "sha256:da8435a3bd498419ee8c13c34b89b5005130a476bda1d6ca8cfdde3de35cd650", size = 1355376, upload-time = "2023-10-22T22:03:20.075Z" },
    { url = "https://files.pythonhosted.org/packages/eb/0c/51339463da912ed34b48d470538d98a91660749b2db56902f23db9b42fdd/uvloop-0.19.0-cp312-cp312-macosx_10_9_x86_64.whl", hash = "sha256:02506dc23a5d90e04d4f65c7791e65cf44bd91b37f24cfc3ef6cf2aff05dc7ec", size = 745031, upload-time = "2023-10-22T22:03:21.404Z" },
    { url = "https://files.pythonhosted.org/packages/e6/fc/f0daaf19f5b2116a2d26eb9f98c4a45084aea87bf03c33bcca7aa1ff36e5/uvloop-0.19.0-cp312-cp312-manylinux_2_17_aarch64.manylinux2014_aarch64.whl", hash = "sha256:2693049be9d36fef81741fddb3f441673ba12a34a704e7b4361efb75cf30befc", size = 4077630, upload-time = "2023-10-22T22:03:23.568Z" },
    { url = "https://files.pythonhosted.org/packages/fd/96/fdc318ffe82ae567592b213ec2fcd8ecedd927b5da068cf84d56b28c51a4/uvloop-0.19.0-cp312-cp312-manylinux_2_17_x86_64.manylinux2014_x86_64.whl", hash = "sha256:7010271303961c6f0fe37731004335401eb9075a12680738731e9c92ddd96ad6", size = 4159957, upload-time = "2023-10-22T22:03:25.278Z" },
    { url = "https://files.pythonhosted.org/packages/71/bc/092068ae7fc16dcf20f3e389126ba7800cee75ffba83f78bf1d167aee3cd/uvloop-0.19.0-cp312-cp312-musllinux_1_1_aarch64.whl", hash = "sha256:5daa304d2161d2918fa9a17d5635099a2f78ae5b5960e742b2fcfbb7aefaa593", size = 4014951, upload-time = "2023-10-22T22:03:27.055Z" },
    { url = "https://files.pythonhosted.org/packages/a6/f2/6ce1e73933eb038c89f929e26042e64b2cb8d4453410153eed14918ca9a8/uvloop-0.19.0-cp312-cp312-musllinux_1_1_x86_64.whl", hash = "sha256:7207272c9520203fea9b93843bb775d03e1cf88a80a936ce760f60bb5add92f3", size = 4100911, upload-time = "2023-10-22T22:03:29.39Z" },
]

[[package]]
name = "watchdog"
version = "4.0.1"
source = { registry = "https://pypi.org/simple" }
sdist = { url = "https://files.pythonhosted.org/packages/1b/f9/b01e4632aed9a6ecc2b3e501feffd3af5aa0eb4e3b0283fc9525bf503c38/watchdog-4.0.1.tar.gz", hash = "sha256:eebaacf674fa25511e8867028d281e602ee6500045b57f43b08778082f7f8b44", size = 126583, upload-time = "2024-05-23T16:12:28.625Z" }
wheels = [
    { url = "https://files.pythonhosted.org/packages/f3/d1/85c1f5841190ee1e39f4a8a01df6eb13b44bd366060fc735505a38613484/watchdog-4.0.1-cp312-cp312-macosx_10_9_universal2.whl", hash = "sha256:093b23e6906a8b97051191a4a0c73a77ecc958121d42346274c6af6520dec175", size = 101708, upload-time = "2024-05-23T16:11:42.025Z" },
    { url = "https://files.pythonhosted.org/packages/a9/eb/8d1f9150dd5e86082913ab15d4fd4bea436186845be1b1752efd19b020d1/watchdog-4.0.1-cp312-cp312-macosx_10_9_x86_64.whl", hash = "sha256:611be3904f9843f0529c35a3ff3fd617449463cb4b73b1633950b3d97fa4bfb7", size = 92508, upload-time = "2024-05-23T16:11:43.956Z" },
    { url = "https://files.pythonhosted.org/packages/52/67/62eea67ef31214ea4867b97351ea4f6b3a52dd1c4c93360ff8ad6e4ad72f/watchdog-4.0.1-cp312-cp312-macosx_11_0_arm64.whl", hash = "sha256:62c613ad689ddcb11707f030e722fa929f322ef7e4f18f5335d2b73c61a85c28", size = 92977, upload-time = "2024-05-23T16:11:45.895Z" },
    { url = "https://files.pythonhosted.org/packages/3a/36/28ce38b960f2bf1e1be573d85e8127c9ac66b4de63a7bef3f61b3f77ce57/watchdog-4.0.1-py3-none-manylinux2014_aarch64.whl", hash = "sha256:dddba7ca1c807045323b6af4ff80f5ddc4d654c8bce8317dde1bd96b128ed253", size = 83011, upload-time = "2024-05-23T16:12:10.641Z" },
    { url = "https://files.pythonhosted.org/packages/05/7b/efc5b4134c97f08b161faa703327cde3fe647c5c48c156fde0c343471095/watchdog-4.0.1-py3-none-manylinux2014_armv7l.whl", hash = "sha256:4513ec234c68b14d4161440e07f995f231be21a09329051e67a2118a7a612d2d", size = 83009, upload-time = "2024-05-23T16:12:12.692Z" },
    { url = "https://files.pythonhosted.org/packages/c3/bb/1fac328ba90ea091ef04e7bdefe638a933076530d802c1b1cf1f03fe7e89/watchdog-4.0.1-py3-none-manylinux2014_i686.whl", hash = "sha256:4107ac5ab936a63952dea2a46a734a23230aa2f6f9db1291bf171dac3ebd53c6", size = 83011, upload-time = "2024-05-23T16:12:14.093Z" },
    { url = "https://files.pythonhosted.org/packages/ce/df/c8719022af772d9f75f1c49af453a48a785a45295bca1ce4f3f55b9923af/watchdog-4.0.1-py3-none-manylinux2014_ppc64.whl", hash = "sha256:6e8c70d2cd745daec2a08734d9f63092b793ad97612470a0ee4cbb8f5f705c57", size = 83012, upload-time = "2024-05-23T16:12:15.893Z" },
    { url = "https://files.pythonhosted.org/packages/b0/d5/7285d52e7a7ffce2ae0b21a98dbbed345bcb227672a4268eb26d046d8d41/watchdog-4.0.1-py3-none-manylinux2014_ppc64le.whl", hash = "sha256:f27279d060e2ab24c0aa98363ff906d2386aa6c4dc2f1a374655d4e02a6c5e5e", size = 83011, upload-time = "2024-05-23T16:12:17.545Z" },
    { url = "https://files.pythonhosted.org/packages/2a/09/4b07dc8dd1a9f67a7acfbc084f26fc35ee8a2e4feeb0a2c98fe9a1ef196c/watchdog-4.0.1-py3-none-manylinux2014_s390x.whl", hash = "sha256:f8affdf3c0f0466e69f5b3917cdd042f89c8c63aebdb9f7c078996f607cdb0f5", size = 83009, upload-time = "2024-05-23T16:12:19.496Z" },
    { url = "https://files.pythonhosted.org/packages/24/01/a4034a94a5f1828eb050230e7cf13af3ac23cf763512b6afe008d3def97c/watchdog-4.0.1-py3-none-manylinux2014_x86_64.whl", hash = "sha256:ac7041b385f04c047fcc2951dc001671dee1b7e0615cde772e84b01fbf68ee84", size = 83012, upload-time = "2024-05-23T16:12:21.754Z" },
    { url = "https://files.pythonhosted.org/packages/8f/5e/c0d7dad506adedd584188578901871fe923abf6c0c5dc9e79d9be5c7c24e/watchdog-4.0.1-py3-none-win32.whl", hash = "sha256:206afc3d964f9a233e6ad34618ec60b9837d0582b500b63687e34011e15bb429", size = 82996, upload-time = "2024-05-23T16:12:23.167Z" },
    { url = "https://files.pythonhosted.org/packages/85/e0/2a9f43008902427b5f074c497705d6ef8f815c85d4bc25fbf83f720a6159/watchdog-4.0.1-py3-none-win_amd64.whl", hash = "sha256:7577b3c43e5909623149f76b099ac49a1a01ca4e167d1785c76eb52fa585745a", size = 83002, upload-time = "2024-05-23T16:12:24.981Z" },
    { url = "https://files.pythonhosted.org/packages/db/54/23e5845ef68e1817b3792b2a11fb2088d7422814d41af8186d9058c4ff07/watchdog-4.0.1-py3-none-win_ia64.whl", hash = "sha256:d7b9f5f3299e8dd230880b6c55504a1f69cf1e4316275d1b215ebdd8187ec88d", size = 83002, upload-time = "2024-05-23T16:12:27.101Z" },
]

[[package]]
name = "wcwidth"
version = "0.2.13"
source = { registry = "https://pypi.org/simple" }
sdist = { url = "https://files.pythonhosted.org/packages/6c/63/53559446a878410fc5a5974feb13d31d78d752eb18aeba59c7fef1af7598/wcwidth-0.2.13.tar.gz", hash = "sha256:72ea0c06399eb286d978fdedb6923a9eb47e1c486ce63e9b4e64fc18303972b5", size = 101301, upload-time = "2024-01-06T02:10:57.829Z" }
wheels = [
    { url = "https://files.pythonhosted.org/packages/fd/84/fd2ba7aafacbad3c4201d395674fc6348826569da3c0937e75505ead3528/wcwidth-0.2.13-py2.py3-none-any.whl", hash = "sha256:3da69048e4540d84af32131829ff948f1e022c1c6bdb8d6102117aac784f6859", size = 34166, upload-time = "2024-01-06T02:10:55.763Z" },
]
